
Microsoft Visual Studio Solution File, Format Version 12.00
# Visual Studio Version 17
VisualStudioVersion = 17.9.34714.143
MinimumVisualStudioVersion = 10.0.40219.1
Project("{9A19103F-16F7-4668-BE54-9A1E7A4F7556}") = "MemberPlatform", "MemberPlatform.csproj", "{0F71D23F-AFF2-481E-A715-642F35ED6BD2}"
EndProject
Global
	GlobalSection(SolutionConfigurationPlatforms) = preSolution
		Debug|Any CPU = Debug|Any CPU
		Release|Any CPU = Release|Any CPU
	EndGlobalSection
	GlobalSection(ProjectConfigurationPlatforms) = postSolution
		{0F71D23F-AFF2-481E-A715-642F35ED6BD2}.Debug|Any CPU.ActiveCfg = Debug|Any CPU
		{0F71D23F-AFF2-481E-A715-642F35ED6BD2}.Debug|Any CPU.Build.0 = Debug|Any CPU
		{0F71D23F-AFF2-481E-A715-642F35ED6BD2}.Release|Any CPU.ActiveCfg = Release|Any CPU
		{0F71D23F-AFF2-481E-A715-642F35ED6BD2}.Release|Any CPU.Build.0 = Release|Any CPU
	EndGlobalSection
	GlobalSection(SolutionProperties) = preSolution
		HideSolutionNode = FALSE
	EndGlobalSection
	GlobalSection(ExtensibilityGlobals) = postSolution
		SolutionGuid = {E4253417-94B9-4A04-94EB-4EC4E5CED6EA}
	EndGlobalSection
EndGlobal
